
Microsoft Visual Studio Solution File, Format Version 12.00
# Visual Studio Version 16
VisualStudioVersion = 16.0.31702.278
MinimumVisualStudioVersion = 10.0.40219.1
Project("{FAE04EC0-301F-11D3-BF4B-00C04F79EFBC}") = "ExamApi", "ExamApi.csproj", "{8D3135CC-6AA2-4C13-B2D0-AA5F679B37D1}"
EndProject
Global
	GlobalSection(SolutionConfigurationPlatforms) = preSolution
		Debug|Any CPU = Debug|Any CPU
		Release|Any CPU = Release|Any CPU
	EndGlobalSection
	GlobalSection(ProjectConfigurationPlatforms) = postSolution
		{8D3135CC-6AA2-4C13-B2D0-AA5F679B37D1}.Debug|Any CPU.ActiveCfg = Debug|Any CPU
		{8D3135CC-6AA2-4C13-B2D0-AA5F679B37D1}.Debug|Any CPU.Build.0 = Debug|Any CPU
		{8D3135CC-6AA2-4C13-B2D0-AA5F679B37D1}.Release|Any CPU.ActiveCfg = Release|Any CPU
		{8D3135CC-6AA2-4C13-B2D0-AA5F679B37D1}.Release|Any CPU.Build.0 = Release|Any CPU
	EndGlobalSection
	GlobalSection(SolutionProperties) = preSolution
		HideSolutionNode = FALSE
	EndGlobalSection
	GlobalSection(ExtensibilityGlobals) = postSolution
		SolutionGuid = {76AFAE91-2B37-488E-9A80-115069C56699}
	EndGlobalSection
EndGlobal
